
Microsoft Visual Studio Solution File, Format Version 12.00
# Visual Studio Version 17
VisualStudioVersion = 17.3.32929.385
MinimumVisualStudioVersion = 10.0.40219.1
Project("{FAE04EC0-301F-11D3-BF4B-00C04F79EFBC}") = "RepasoPOO", "RepasoPOO\RepasoPOO.csproj", "{42CE3E1E-2385-47AF-8E34-3B6AA455E5F2}"
EndProject
Global
	GlobalSection(SolutionConfigurationPlatforms) = preSolution
		Debug|Any CPU = Debug|Any CPU
		Release|Any CPU = Release|Any CPU
	EndGlobalSection
	GlobalSection(ProjectConfigurationPlatforms) = postSolution
		{42CE3E1E-2385-47AF-8E34-3B6AA455E5F2}.Debug|Any CPU.ActiveCfg = Debug|Any CPU
		{42CE3E1E-2385-47AF-8E34-3B6AA455E5F2}.Debug|Any CPU.Build.0 = Debug|Any CPU
		{42CE3E1E-2385-47AF-8E34-3B6AA455E5F2}.Release|Any CPU.ActiveCfg = Release|Any CPU
		{42CE3E1E-2385-47AF-8E34-3B6AA455E5F2}.Release|Any CPU.Build.0 = Release|Any CPU
	EndGlobalSection
	GlobalSection(SolutionProperties) = preSolution
		HideSolutionNode = FALSE
	EndGlobalSection
	GlobalSection(ExtensibilityGlobals) = postSolution
		SolutionGuid = {D6A7C86E-817B-4FFD-8D02-670CFF47F87E}
	EndGlobalSection
EndGlobal
